
Microsoft Visual Studio Solution File, Format Version 12.00
# Visual Studio 15
VisualStudioVersion = 15.0.28307.271
MinimumVisualStudioVersion = 10.0.40219.1
Project("{FAE04EC0-301F-11D3-BF4B-00C04F79EFBC}") = "JwellaryAppPOC.Android", "JwellaryAppPOC\JwellaryAppPOC.Android\JwellaryAppPOC.Android.csproj", "{F73FE0E5-C017-4412-B90D-842C15D57F14}"
EndProject
Project("{FAE04EC0-301F-11D3-BF4B-00C04F79EFBC}") = "JwellaryAppPOC.iOS", "JwellaryAppPOC\JwellaryAppPOC.iOS\JwellaryAppPOC.iOS.csproj", "{869EA7AF-DB83-4374-A516-0947D2FD4131}"
EndProject
Project("{9A19103F-16F7-4668-BE54-9A1E7A4F7556}") = "JwellaryAppPOC", "JwellaryAppPOC\JwellaryAppPOC\JwellaryAppPOC.csproj", "{D64F8576-2B22-47BA-98ED-B4D119D49CA9}"
EndProject
Global
	GlobalSection(SolutionConfigurationPlatforms) = preSolution
		Ad-Hoc|Any CPU = Ad-Hoc|Any CPU
		Ad-Hoc|iPhone = Ad-Hoc|iPhone
		Ad-Hoc|iPhoneSimulator = Ad-Hoc|iPhoneSimulator
		AppStore|Any CPU = AppStore|Any CPU
		AppStore|iPhone = AppStore|iPhone
		AppStore|iPhoneSimulator = AppStore|iPhoneSimulator
		Debug|Any CPU = Debug|Any CPU
		Debug|iPhone = Debug|iPhone
		Debug|iPhoneSimulator = Debug|iPhoneSimulator
		Release|Any CPU = Release|Any CPU
		Release|iPhone = Release|iPhone
		Release|iPhoneSimulator = Release|iPhoneSimulator
	EndGlobalSection
	GlobalSection(ProjectConfigurationPlatforms) = postSolution
		{F73FE0E5-C017-4412-B90D-842C15D57F14}.Ad-Hoc|Any CPU.ActiveCfg = Release|Any CPU
		{F73FE0E5-C017-4412-B90D-842C15D57F14}.Ad-Hoc|Any CPU.Build.0 = Release|Any CPU
		{F73FE0E5-C017-4412-B90D-842C15D57F14}.Ad-Hoc|Any CPU.Deploy.0 = Release|Any CPU
		{F73FE0E5-C017-4412-B90D-842C15D57F14}.Ad-Hoc|iPhone.ActiveCfg = Release|Any CPU
		{F73FE0E5-C017-4412-B90D-842C15D57F14}.Ad-Hoc|iPhone.Build.0 = Release|Any CPU
		{F73FE0E5-C017-4412-B90D-842C15D57F14}.Ad-Hoc|iPhone.Deploy.0 = Release|Any CPU
		{F73FE0E5-C017-4412-B90D-842C15D57F14}.Ad-Hoc|iPhoneSimulator.ActiveCfg = Release|Any CPU
		{F73FE0E5-C017-4412-B90D-842C15D57F14}.Ad-Hoc|iPhoneSimulator.Build.0 = Release|Any CPU
		{F73FE0E5-C017-4412-B90D-842C15D57F14}.Ad-Hoc|iPhoneSimulator.Deploy.0 = Release|Any CPU
		{F73FE0E5-C017-4412-B90D-842C15D57F14}.AppStore|Any CPU.ActiveCfg = Release|Any CPU
		{F73FE0E5-C017-4412-B90D-842C15D57F14}.AppStore|Any CPU.Build.0 = Release|Any CPU
		{F73FE0E5-C017-4412-B90D-842C15D57F14}.AppStore|Any CPU.Deploy.0 = Release|Any CPU
		{F73FE0E5-C017-4412-B90D-842C15D57F14}.AppStore|iPhone.ActiveCfg = Release|Any CPU
		{F73FE0E5-C017-4412-B90D-842C15D57F14}.AppStore|iPhone.Build.0 = Release|Any CPU
		{F73FE0E5-C017-4412-B90D-842C15D57F14}.AppStore|iPhone.Deploy.0 = Release|Any CPU
		{F73FE0E5-C017-4412-B90D-842C15D57F14}.AppStore|iPhoneSimulator.ActiveCfg = Release|Any CPU
		{F73FE0E5-C017-4412-B90D-842C15D57F14}.AppStore|iPhoneSimulator.Build.0 = Release|Any CPU
		{F73FE0E5-C017-4412-B90D-842C15D57F14}.AppStore|iPhoneSimulator.Deploy.0 = Release|Any CPU
		{F73FE0E5-C017-4412-B90D-842C15D57F14}.Debug|Any CPU.ActiveCfg = Debug|Any CPU
		{F73FE0E5-C017-4412-B90D-842C15D57F14}.Debug|Any CPU.Build.0 = Debug|Any CPU
		{F73FE0E5-C017-4412-B90D-842C15D57F14}.Debug|Any CPU.Deploy.0 = Debug|Any CPU
		{F73FE0E5-C017-4412-B90D-842C15D57F14}.Debug|iPhone.ActiveCfg = Debug|Any CPU
		{F73FE0E5-C017-4412-B90D-842C15D57F14}.Debug|iPhone.Build.0 = Debug|Any CPU
		{F73FE0E5-C017-4412-B90D-842C15D57F14}.Debug|iPhone.Deploy.0 = Debug|Any CPU
		{F73FE0E5-C017-4412-B90D-842C15D57F14}.Debug|iPhoneSimulator.ActiveCfg = Debug|Any CPU
		{F73FE0E5-C017-4412-B90D-842C15D57F14}.Debug|iPhoneSimulator.Build.0 = Debug|Any CPU
		{F73FE0E5-C017-4412-B90D-842C15D57F14}.Debug|iPhoneSimulator.Deploy.0 = Debug|Any CPU
		{F73FE0E5-C017-4412-B90D-842C15D57F14}.Release|Any CPU.ActiveCfg = Release|Any CPU
		{F73FE0E5-C017-4412-B90D-842C15D57F14}.Release|Any CPU.Build.0 = Release|Any CPU
		{F73FE0E5-C017-4412-B90D-842C15D57F14}.Release|Any CPU.Deploy.0 = Release|Any CPU
		{F73FE0E5-C017-4412-B90D-842C15D57F14}.Release|iPhone.ActiveCfg = Release|Any CPU
		{F73FE0E5-C017-4412-B90D-842C15D57F14}.Release|iPhone.Build.0 = Release|Any CPU
		{F73FE0E5-C017-4412-B90D-842C15D57F14}.Release|iPhone.Deploy.0 = Release|Any CPU
		{F73FE0E5-C017-4412-B90D-842C15D57F14}.Release|iPhoneSimulator.ActiveCfg = Release|Any CPU
		{F73FE0E5-C017-4412-B90D-842C15D57F14}.Release|iPhoneSimulator.Build.0 = Release|Any CPU
		{F73FE0E5-C017-4412-B90D-842C15D57F14}.Release|iPhoneSimulator.Deploy.0 = Release|Any CPU
		{869EA7AF-DB83-4374-A516-0947D2FD4131}.Ad-Hoc|Any CPU.ActiveCfg = Ad-Hoc|iPhone
		{869EA7AF-DB83-4374-A516-0947D2FD4131}.Ad-Hoc|Any CPU.Build.0 = Ad-Hoc|iPhone
		{869EA7AF-DB83-4374-A516-0947D2FD4131}.Ad-Hoc|Any CPU.Deploy.0 = Ad-Hoc|iPhone
		{869EA7AF-DB83-4374-A516-0947D2FD4131}.Ad-Hoc|iPhone.ActiveCfg = Ad-Hoc|iPhone
		{869EA7AF-DB83-4374-A516-0947D2FD4131}.Ad-Hoc|iPhone.Build.0 = Ad-Hoc|iPhone
		{869EA7AF-DB83-4374-A516-0947D2FD4131}.Ad-Hoc|iPhone.Deploy.0 = Ad-Hoc|iPhone
		{869EA7AF-DB83-4374-A516-0947D2FD4131}.Ad-Hoc|iPhoneSimulator.ActiveCfg = Ad-Hoc|iPhoneSimulator
		{869EA7AF-DB83-4374-A516-0947D2FD4131}.Ad-Hoc|iPhoneSimulator.Build.0 = Ad-Hoc|iPhoneSimulator
		{869EA7AF-DB83-4374-A516-0947D2FD4131}.Ad-Hoc|iPhoneSimulator.Deploy.0 = Ad-Hoc|iPhoneSimulator
		{869EA7AF-DB83-4374-A516-0947D2FD4131}.AppStore|Any CPU.ActiveCfg = AppStore|iPhone
		{869EA7AF-DB83-4374-A516-0947D2FD4131}.AppStore|Any CPU.Build.0 = AppStore|iPhone
		{869EA7AF-DB83-4374-A516-0947D2FD4131}.AppStore|Any CPU.Deploy.0 = AppStore|iPhone
		{869EA7AF-DB83-4374-A516-0947D2FD4131}.AppStore|iPhone.ActiveCfg = AppStore|iPhone
		{869EA7AF-DB83-4374-A516-0947D2FD4131}.AppStore|iPhone.Build.0 = AppStore|iPhone
		{869EA7AF-DB83-4374-A516-0947D2FD4131}.AppStore|iPhone.Deploy.0 = AppStore|iPhone
		{869EA7AF-DB83-4374-A516-0947D2FD4131}.AppStore|iPhoneSimulator.ActiveCfg = AppStore|iPhoneSimulator
		{869EA7AF-DB83-4374-A516-0947D2FD4131}.AppStore|iPhoneSimulator.Build.0 = AppStore|iPhoneSimulator
		{869EA7AF-DB83-4374-A516-0947D2FD4131}.AppStore|iPhoneSimulator.Deploy.0 = AppStore|iPhoneSimulator
		{869EA7AF-DB83-4374-A516-0947D2FD4131}.Debug|Any CPU.ActiveCfg = Debug|iPhoneSimulator
		{869EA7AF-DB83-4374-A516-0947D2FD4131}.Debug|Any CPU.Build.0 = Debug|iPhoneSimulator
		{869EA7AF-DB83-4374-A516-0947D2FD4131}.Debug|Any CPU.Deploy.0 = Debug|iPhoneSimulator
		{869EA7AF-DB83-4374-A516-0947D2FD4131}.Debug|iPhone.ActiveCfg = Debug|iPhone
		{869EA7AF-DB83-4374-A516-0947D2FD4131}.Debug|iPhone.Build.0 = Debug|iPhone
		{869EA7AF-DB83-4374-A516-0947D2FD4131}.Debug|iPhone.Deploy.0 = Debug|iPhone
		{869EA7AF-DB83-4374-A516-0947D2FD4131}.Debug|iPhoneSimulator.ActiveCfg = Debug|iPhoneSimulator
		{869EA7AF-DB83-4374-A516-0947D2FD4131}.Debug|iPhoneSimulator.Build.0 = Debug|iPhoneSimulator
		{869EA7AF-DB83-4374-A516-0947D2FD4131}.Debug|iPhoneSimulator.Deploy.0 = Debug|iPhoneSimulator
		{869EA7AF-DB83-4374-A516-0947D2FD4131}.Release|Any CPU.ActiveCfg = Release|iPhone
		{869EA7AF-DB83-4374-A516-0947D2FD4131}.Release|Any CPU.Build.0 = Release|iPhone
		{869EA7AF-DB83-4374-A516-0947D2FD4131}.Release|Any CPU.Deploy.0 = Release|iPhone
		{869EA7AF-DB83-4374-A516-0947D2FD4131}.Release|iPhone.ActiveCfg = Release|iPhone
		{869EA7AF-DB83-4374-A516-0947D2FD4131}.Release|iPhone.Build.0 = Release|iPhone
		{869EA7AF-DB83-4374-A516-0947D2FD4131}.Release|iPhone.Deploy.0 = Release|iPhone
		{869EA7AF-DB83-4374-A516-0947D2FD4131}.Release|iPhoneSimulator.ActiveCfg = Release|iPhoneSimulator
		{869EA7AF-DB83-4374-A516-0947D2FD4131}.Release|iPhoneSimulator.Build.0 = Release|iPhoneSimulator
		{869EA7AF-DB83-4374-A516-0947D2FD4131}.Release|iPhoneSimulator.Deploy.0 = Release|iPhoneSimulator
		{D64F8576-2B22-47BA-98ED-B4D119D49CA9}.Ad-Hoc|Any CPU.ActiveCfg = Debug|Any CPU
		{D64F8576-2B22-47BA-98ED-B4D119D49CA9}.Ad-Hoc|Any CPU.Build.0 = Debug|Any CPU
		{D64F8576-2B22-47BA-98ED-B4D119D49CA9}.Ad-Hoc|Any CPU.Deploy.0 = Debug|Any CPU
		{D64F8576-2B22-47BA-98ED-B4D119D49CA9}.Ad-Hoc|iPhone.ActiveCfg = Debug|Any CPU
		{D64F8576-2B22-47BA-98ED-B4D119D49CA9}.Ad-Hoc|iPhone.Build.0 = Debug|Any CPU
		{D64F8576-2B22-47BA-98ED-B4D119D49CA9}.Ad-Hoc|iPhone.Deploy.0 = Debug|Any CPU
		{D64F8576-2B22-47BA-98ED-B4D119D49CA9}.Ad-Hoc|iPhoneSimulator.ActiveCfg = Debug|Any CPU
		{D64F8576-2B22-47BA-98ED-B4D119D49CA9}.Ad-Hoc|iPhoneSimulator.Build.0 = Debug|Any CPU
		{D64F8576-2B22-47BA-98ED-B4D119D49CA9}.Ad-Hoc|iPhoneSimulator.Deploy.0 = Debug|Any CPU
		{D64F8576-2B22-47BA-98ED-B4D119D49CA9}.AppStore|Any CPU.ActiveCfg = Debug|Any CPU
		{D64F8576-2B22-47BA-98ED-B4D119D49CA9}.AppStore|Any CPU.Build.0 = Debug|Any CPU
		{D64F8576-2B22-47BA-98ED-B4D119D49CA9}.AppStore|Any CPU.Deploy.0 = Debug|Any CPU
		{D64F8576-2B22-47BA-98ED-B4D119D49CA9}.AppStore|iPhone.ActiveCfg = Debug|Any CPU
		{D64F8576-2B22-47BA-98ED-B4D119D49CA9}.AppStore|iPhone.Build.0 = Debug|Any CPU
		{D64F8576-2B22-47BA-98ED-B4D119D49CA9}.AppStore|iPhone.Deploy.0 = Debug|Any CPU
		{D64F8576-2B22-47BA-98ED-B4D119D49CA9}.AppStore|iPhoneSimulator.ActiveCfg = Debug|Any CPU
		{D64F8576-2B22-47BA-98ED-B4D119D49CA9}.AppStore|iPhoneSimulator.Build.0 = Debug|Any CPU
		{D64F8576-2B22-47BA-98ED-B4D119D49CA9}.AppStore|iPhoneSimulator.Deploy.0 = Debug|Any CPU
		{D64F8576-2B22-47BA-98ED-B4D119D49CA9}.Debug|Any CPU.ActiveCfg = Debug|Any CPU
		{D64F8576-2B22-47BA-98ED-B4D119D49CA9}.Debug|Any CPU.Build.0 = Debug|Any CPU
		{D64F8576-2B22-47BA-98ED-B4D119D49CA9}.Debug|Any CPU.Deploy.0 = Debug|Any CPU
		{D64F8576-2B22-47BA-98ED-B4D119D49CA9}.Debug|iPhone.ActiveCfg = Debug|Any CPU
		{D64F8576-2B22-47BA-98ED-B4D119D49CA9}.Debug|iPhone.Build.0 = Debug|Any CPU
		{D64F8576-2B22-47BA-98ED-B4D119D49CA9}.Debug|iPhone.Deploy.0 = Debug|Any CPU
		{D64F8576-2B22-47BA-98ED-B4D119D49CA9}.Debug|iPhoneSimulator.ActiveCfg = Debug|Any CPU
		{D64F8576-2B22-47BA-98ED-B4D119D49CA9}.Debug|iPhoneSimulator.Build.0 = Debug|Any CPU
		{D64F8576-2B22-47BA-98ED-B4D119D49CA9}.Debug|iPhoneSimulator.Deploy.0 = Debug|Any CPU
		{D64F8576-2B22-47BA-98ED-B4D119D49CA9}.Release|Any CPU.ActiveCfg = Release|Any CPU
		{D64F8576-2B22-47BA-98ED-B4D119D49CA9}.Release|Any CPU.Build.0 = Release|Any CPU
		{D64F8576-2B22-47BA-98ED-B4D119D49CA9}.Release|Any CPU.Deploy.0 = Release|Any CPU
		{D64F8576-2B22-47BA-98ED-B4D119D49CA9}.Release|iPhone.ActiveCfg = Release|Any CPU
		{D64F8576-2B22-47BA-98ED-B4D119D49CA9}.Release|iPhone.Build.0 = Release|Any CPU
		{D64F8576-2B22-47BA-98ED-B4D119D49CA9}.Release|iPhone.Deploy.0 = Release|Any CPU
		{D64F8576-2B22-47BA-98ED-B4D119D49CA9}.Release|iPhoneSimulator.ActiveCfg = Release|Any CPU
		{D64F8576-2B22-47BA-98ED-B4D119D49CA9}.Release|iPhoneSimulator.Build.0 = Release|Any CPU
		{D64F8576-2B22-47BA-98ED-B4D119D49CA9}.Release|iPhoneSimulator.Deploy.0 = Release|Any CPU
	EndGlobalSection
	GlobalSection(SolutionProperties) = preSolution
		HideSolutionNode = FALSE
	EndGlobalSection
	GlobalSection(ExtensibilityGlobals) = postSolution
		SolutionGuid = {ECD3A04F-5339-474B-AC29-3E7F65F02E1F}
	EndGlobalSection
EndGlobal
